
Microsoft Visual Studio Solution File, Format Version 12.00
# Visual Studio Version 17
VisualStudioVersion = 17.1.32228.430
MinimumVisualStudioVersion = 10.0.40219.1
Project("{FAE04EC0-301F-11D3-BF4B-00C04F79EFBC}") = "TP5.UINO", "TP5.UI\TP5.UINO.csproj", "{E0BF1D30-E5F2-4A4F-AFA4-C2D1E3B8758F}"
EndProject
Project("{FAE04EC0-301F-11D3-BF4B-00C04F79EFBC}") = "TP5.Logic", "TP5.Logic\TP5.Logic.csproj", "{AE458724-ABE6-4B73-B7F1-B826DF1F9335}"
EndProject
Project("{FAE04EC0-301F-11D3-BF4B-00C04F79EFBC}") = "TP5.Data", "TP5.Data\TP5.Data.csproj", "{FBE333BB-918C-4F6A-8F6B-66532DA62150}"
EndProject
Project("{FAE04EC0-301F-11D3-BF4B-00C04F79EFBC}") = "TP5.Entities", "TP5.Entities\TP5.Entities.csproj", "{CE32EF03-6858-4084-B9F4-7B656C2FA26E}"
EndProject
Project("{FAE04EC0-301F-11D3-BF4B-00C04F79EFBC}") = "TP5.UICONSOLA", "PruebaCodigo\TP5.UICONSOLA.csproj", "{321E6CEB-D403-444B-8016-0E7D8DE182BE}"
EndProject
Global
	GlobalSection(SolutionConfigurationPlatforms) = preSolution
		Debug|Any CPU = Debug|Any CPU
		Release|Any CPU = Release|Any CPU
	EndGlobalSection
	GlobalSection(ProjectConfigurationPlatforms) = postSolution
		{E0BF1D30-E5F2-4A4F-AFA4-C2D1E3B8758F}.Debug|Any CPU.ActiveCfg = Debug|Any CPU
		{E0BF1D30-E5F2-4A4F-AFA4-C2D1E3B8758F}.Debug|Any CPU.Build.0 = Debug|Any CPU
		{E0BF1D30-E5F2-4A4F-AFA4-C2D1E3B8758F}.Release|Any CPU.ActiveCfg = Release|Any CPU
		{E0BF1D30-E5F2-4A4F-AFA4-C2D1E3B8758F}.Release|Any CPU.Build.0 = Release|Any CPU
		{AE458724-ABE6-4B73-B7F1-B826DF1F9335}.Debug|Any CPU.ActiveCfg = Debug|Any CPU
		{AE458724-ABE6-4B73-B7F1-B826DF1F9335}.Debug|Any CPU.Build.0 = Debug|Any CPU
		{AE458724-ABE6-4B73-B7F1-B826DF1F9335}.Release|Any CPU.ActiveCfg = Release|Any CPU
		{AE458724-ABE6-4B73-B7F1-B826DF1F9335}.Release|Any CPU.Build.0 = Release|Any CPU
		{FBE333BB-918C-4F6A-8F6B-66532DA62150}.Debug|Any CPU.ActiveCfg = Debug|Any CPU
		{FBE333BB-918C-4F6A-8F6B-66532DA62150}.Debug|Any CPU.Build.0 = Debug|Any CPU
		{FBE333BB-918C-4F6A-8F6B-66532DA62150}.Release|Any CPU.ActiveCfg = Release|Any CPU
		{FBE333BB-918C-4F6A-8F6B-66532DA62150}.Release|Any CPU.Build.0 = Release|Any CPU
		{CE32EF03-6858-4084-B9F4-7B656C2FA26E}.Debug|Any CPU.ActiveCfg = Debug|Any CPU
		{CE32EF03-6858-4084-B9F4-7B656C2FA26E}.Debug|Any CPU.Build.0 = Debug|Any CPU
		{CE32EF03-6858-4084-B9F4-7B656C2FA26E}.Release|Any CPU.ActiveCfg = Release|Any CPU
		{CE32EF03-6858-4084-B9F4-7B656C2FA26E}.Release|Any CPU.Build.0 = Release|Any CPU
		{321E6CEB-D403-444B-8016-0E7D8DE182BE}.Debug|Any CPU.ActiveCfg = Debug|Any CPU
		{321E6CEB-D403-444B-8016-0E7D8DE182BE}.Debug|Any CPU.Build.0 = Debug|Any CPU
		{321E6CEB-D403-444B-8016-0E7D8DE182BE}.Release|Any CPU.ActiveCfg = Release|Any CPU
		{321E6CEB-D403-444B-8016-0E7D8DE182BE}.Release|Any CPU.Build.0 = Release|Any CPU
	EndGlobalSection
	GlobalSection(SolutionProperties) = preSolution
		HideSolutionNode = FALSE
	EndGlobalSection
	GlobalSection(ExtensibilityGlobals) = postSolution
		SolutionGuid = {D56B3924-2507-414E-9A63-05C91C5807D4}
	EndGlobalSection
EndGlobal
